// !$*UTF8*$!
{
	archiveVersion = 1;
	classes = {
	};
	objectVersion = 56;
	objects = {

/* Begin PBXBuildFile section */
		8165B9982C1492D500B5427B /* MovieListViewModel.swift in Sources */ = {isa = PBXBuildFile; fileRef = 8165B9972C1492D500B5427B /* MovieListViewModel.swift */; };
		8198C3982C10027B00492B93 /* AppDelegate.swift in Sources */ = {isa = PBXBuildFile; fileRef = 8198C3972C10027B00492B93 /* AppDelegate.swift */; };
		8198C39A2C10027B00492B93 /* SceneDelegate.swift in Sources */ = {isa = PBXBuildFile; fileRef = 8198C3992C10027B00492B93 /* SceneDelegate.swift */; };
		8198C39F2C10027B00492B93 /* Base in Resources */ = {isa = PBXBuildFile; fileRef = 8198C39E2C10027B00492B93 /* Base */; };
		8198C3A12C10027C00492B93 /* Assets.xcassets in Resources */ = {isa = PBXBuildFile; fileRef = 8198C3A02C10027C00492B93 /* Assets.xcassets */; };
		8198C3A42C10027C00492B93 /* Base in Resources */ = {isa = PBXBuildFile; fileRef = 8198C3A32C10027C00492B93 /* Base */; };
		8198C3CF2C1003F700492B93 /* String+Extension.swift in Sources */ = {isa = PBXBuildFile; fileRef = 8198C3CE2C1003F700492B93 /* String+Extension.swift */; };
		8198C3D12C10047300492B93 /* MoviesViewController.swift in Sources */ = {isa = PBXBuildFile; fileRef = 8198C3D02C10047300492B93 /* MoviesViewController.swift */; };
		8198C3D62C10256F00492B93 /* Movie.swift in Sources */ = {isa = PBXBuildFile; fileRef = 8198C3D52C10256F00492B93 /* Movie.swift */; };
		81C0B6E62C11E07500EC0035 /* HTTPClient.swift in Sources */ = {isa = PBXBuildFile; fileRef = 81C0B6E52C11E07500EC0035 /* HTTPClient.swift */; };
		81E058AF2C1CB0FB00B97D76 /* MainTabController.swift in Sources */ = {isa = PBXBuildFile; fileRef = 81E058AE2C1CB0FB00B97D76 /* MainTabController.swift */; };
		81E058B12C1CB15D00B97D76 /* ScannerController.swift in Sources */ = {isa = PBXBuildFile; fileRef = 81E058B02C1CB15D00B97D76 /* ScannerController.swift */; };
		81E44C832C1D368A00E7EC22 /* UIView+Extension.swift in Sources */ = {isa = PBXBuildFile; fileRef = 81E44C822C1D368A00E7EC22 /* UIView+Extension.swift */; };
		81E44C862C1D3EF300E7EC22 /* UITextField+UIView.swift in Sources */ = {isa = PBXBuildFile; fileRef = 81E44C852C1D3EF300E7EC22 /* UITextField+UIView.swift */; };
/* End PBXBuildFile section */

/* Begin PBXContainerItemProxy section */
		8198C3AB2C10027C00492B93 /* PBXContainerItemProxy */ = {
			isa = PBXContainerItemProxy;
			containerPortal = 8198C38C2C10027B00492B93 /* Project object */;
			proxyType = 1;
			remoteGlobalIDString = 8198C3932C10027B00492B93;
			remoteInfo = "Movies App";
		};
		8198C3B52C10027C00492B93 /* PBXContainerItemProxy */ = {
			isa = PBXContainerItemProxy;
			containerPortal = 8198C38C2C10027B00492B93 /* Project object */;
			proxyType = 1;
			remoteGlobalIDString = 8198C3932C10027B00492B93;
			remoteInfo = "Movies App";
		};
/* End PBXContainerItemProxy section */

/* Begin PBXFileReference section */
		8165B9972C1492D500B5427B /* MovieListViewModel.swift */ = {isa = PBXFileReference; lastKnownFileType = sourcecode.swift; path = MovieListViewModel.swift; sourceTree = "<group>"; };
		8198C3942C10027B00492B93 /* Movies App.app */ = {isa = PBXFileReference; explicitFileType = wrapper.application; includeInIndex = 0; path = "Movies App.app"; sourceTree = BUILT_PRODUCTS_DIR; };
		8198C3972C10027B00492B93 /* AppDelegate.swift */ = {isa = PBXFileReference; lastKnownFileType = sourcecode.swift; path = AppDelegate.swift; sourceTree = "<group>"; };
		8198C3992C10027B00492B93 /* SceneDelegate.swift */ = {isa = PBXFileReference; lastKnownFileType = sourcecode.swift; path = SceneDelegate.swift; sourceTree = "<group>"; };
		8198C39E2C10027B00492B93 /* Base */ = {isa = PBXFileReference; lastKnownFileType = file.storyboard; name = Base; path = Base.lproj/Main.storyboard; sourceTree = "<group>"; };
		8198C3A02C10027C00492B93 /* Assets.xcassets */ = {isa = PBXFileReference; lastKnownFileType = folder.assetcatalog; path = Assets.xcassets; sourceTree = "<group>"; };
		8198C3A32C10027C00492B93 /* Base */ = {isa = PBXFileReference; lastKnownFileType = file.storyboard; name = Base; path = Base.lproj/LaunchScreen.storyboard; sourceTree = "<group>"; };
		8198C3A52C10027C00492B93 /* Info.plist */ = {isa = PBXFileReference; lastKnownFileType = text.plist.xml; path = Info.plist; sourceTree = "<group>"; };
		8198C3AA2C10027C00492B93 /* Movies AppTests.xctest */ = {isa = PBXFileReference; explicitFileType = wrapper.cfbundle; includeInIndex = 0; path = "Movies AppTests.xctest"; sourceTree = BUILT_PRODUCTS_DIR; };
		8198C3B42C10027C00492B93 /* Movies AppUITests.xctest */ = {isa = PBXFileReference; explicitFileType = wrapper.cfbundle; includeInIndex = 0; path = "Movies AppUITests.xctest"; sourceTree = BUILT_PRODUCTS_DIR; };
		8198C3CE2C1003F700492B93 /* String+Extension.swift */ = {isa = PBXFileReference; lastKnownFileType = sourcecode.swift; path = "String+Extension.swift"; sourceTree = "<group>"; };
		8198C3D02C10047300492B93 /* MoviesViewController.swift */ = {isa = PBXFileReference; lastKnownFileType = sourcecode.swift; path = MoviesViewController.swift; sourceTree = "<group>"; };
		8198C3D52C10256F00492B93 /* Movie.swift */ = {isa = PBXFileReference; lastKnownFileType = sourcecode.swift; path = Movie.swift; sourceTree = "<group>"; };
		81C0B6E52C11E07500EC0035 /* HTTPClient.swift */ = {isa = PBXFileReference; lastKnownFileType = sourcecode.swift; path = HTTPClient.swift; sourceTree = "<group>"; };
		81E058AE2C1CB0FB00B97D76 /* MainTabController.swift */ = {isa = PBXFileReference; lastKnownFileType = sourcecode.swift; path = MainTabController.swift; sourceTree = "<group>"; };
		81E058B02C1CB15D00B97D76 /* ScannerController.swift */ = {isa = PBXFileReference; lastKnownFileType = sourcecode.swift; path = ScannerController.swift; sourceTree = "<group>"; };
		81E44C822C1D368A00E7EC22 /* UIView+Extension.swift */ = {isa = PBXFileReference; lastKnownFileType = sourcecode.swift; path = "UIView+Extension.swift"; sourceTree = "<group>"; };
		81E44C852C1D3EF300E7EC22 /* UITextField+UIView.swift */ = {isa = PBXFileReference; lastKnownFileType = sourcecode.swift; path = "UITextField+UIView.swift"; sourceTree = "<group>"; };
/* End PBXFileReference section */

/* Begin PBXFrameworksBuildPhase section */
		8198C3912C10027B00492B93 /* Frameworks */ = {
			isa = PBXFrameworksBuildPhase;
			buildActionMask = 2147483647;
			files = (
			);
			runOnlyForDeploymentPostprocessing = 0;
		};
		8198C3A72C10027C00492B93 /* Frameworks */ = {
			isa = PBXFrameworksBuildPhase;
			buildActionMask = 2147483647;
			files = (
			);
			runOnlyForDeploymentPostprocessing = 0;
		};
		8198C3B12C10027C00492B93 /* Frameworks */ = {
			isa = PBXFrameworksBuildPhase;
			buildActionMask = 2147483647;
			files = (
			);
			runOnlyForDeploymentPostprocessing = 0;
		};
/* End PBXFrameworksBuildPhase section */

/* Begin PBXGroup section */
		8198C38B2C10027B00492B93 = {
			isa = PBXGroup;
			children = (
				8198C3962C10027B00492B93 /* Movies App */,
				8198C3952C10027B00492B93 /* Products */,
			);
			sourceTree = "<group>";
		};
		8198C3952C10027B00492B93 /* Products */ = {
			isa = PBXGroup;
			children = (
				8198C3942C10027B00492B93 /* Movies App.app */,
				8198C3AA2C10027C00492B93 /* Movies AppTests.xctest */,
				8198C3B42C10027C00492B93 /* Movies AppUITests.xctest */,
			);
			name = Products;
			sourceTree = "<group>";
		};
		8198C3962C10027B00492B93 /* Movies App */ = {
			isa = PBXGroup;
			children = (
				8198C3C72C1002EE00492B93 /* Application */,
				8198C3D32C10054100492B93 /* Model */,
				8198C3D42C10055C00492B93 /* ViewModel */,
				8198C3C82C1002FF00492B93 /* Controller */,
				81C0B6E42C11E04600EC0035 /* Client */,
				8198C3CD2C1003D200492B93 /* Extension */,
				8198C3C92C10030D00492B93 /* Supporting Files */,
			);
			path = "Movies App";
			sourceTree = "<group>";
		};
		8198C3C72C1002EE00492B93 /* Application */ = {
			isa = PBXGroup;
			children = (
				8198C3972C10027B00492B93 /* AppDelegate.swift */,
				8198C3992C10027B00492B93 /* SceneDelegate.swift */,
			);
			path = Application;
			sourceTree = "<group>";
		};
		8198C3C82C1002FF00492B93 /* Controller */ = {
			isa = PBXGroup;
			children = (
				8198C3D02C10047300492B93 /* MoviesViewController.swift */,
				81E058AE2C1CB0FB00B97D76 /* MainTabController.swift */,
				81E058B02C1CB15D00B97D76 /* ScannerController.swift */,
			);
			path = Controller;
			sourceTree = "<group>";
		};
		8198C3C92C10030D00492B93 /* Supporting Files */ = {
			isa = PBXGroup;
			children = (
				8198C39D2C10027B00492B93 /* Main.storyboard */,
				8198C3A02C10027C00492B93 /* Assets.xcassets */,
				8198C3A22C10027C00492B93 /* LaunchScreen.storyboard */,
				8198C3A52C10027C00492B93 /* Info.plist */,
			);
			path = "Supporting Files";
			sourceTree = "<group>";
		};
		8198C3CD2C1003D200492B93 /* Extension */ = {
			isa = PBXGroup;
			children = (
				8198C3CE2C1003F700492B93 /* String+Extension.swift */,
				81E44C822C1D368A00E7EC22 /* UIView+Extension.swift */,
				81E44C852C1D3EF300E7EC22 /* UITextField+UIView.swift */,
			);
			path = Extension;
			sourceTree = "<group>";
		};
		8198C3D32C10054100492B93 /* Model */ = {
			isa = PBXGroup;
			children = (
				8198C3D52C10256F00492B93 /* Movie.swift */,
			);
			path = Model;
			sourceTree = "<group>";
		};
		8198C3D42C10055C00492B93 /* ViewModel */ = {
			isa = PBXGroup;
			children = (
				8165B9972C1492D500B5427B /* MovieListViewModel.swift */,
			);
			path = ViewModel;
			sourceTree = "<group>";
		};
		81C0B6E42C11E04600EC0035 /* Client */ = {
			isa = PBXGroup;
			children = (
				81C0B6E52C11E07500EC0035 /* HTTPClient.swift */,
			);
			path = Client;
			sourceTree = "<group>";
		};
/* End PBXGroup section */

/* Begin PBXNativeTarget section */
		8198C3932C10027B00492B93 /* Movies App */ = {
			isa = PBXNativeTarget;
			buildConfigurationList = 8198C3BE2C10027C00492B93 /* Build configuration list for PBXNativeTarget "Movies App" */;
			buildPhases = (
				8198C3902C10027B00492B93 /* Sources */,
				8198C3912C10027B00492B93 /* Frameworks */,
				8198C3922C10027B00492B93 /* Resources */,
			);
			buildRules = (
			);
			dependencies = (
			);
			name = "Movies App";
			productName = "Movies App";
			productReference = 8198C3942C10027B00492B93 /* Movies App.app */;
			productType = "com.apple.product-type.application";
		};
		8198C3A92C10027C00492B93 /* Movies AppTests */ = {
			isa = PBXNativeTarget;
			buildConfigurationList = 8198C3C12C10027C00492B93 /* Build configuration list for PBXNativeTarget "Movies AppTests" */;
			buildPhases = (
				8198C3A62C10027C00492B93 /* Sources */,
				8198C3A72C10027C00492B93 /* Frameworks */,
				8198C3A82C10027C00492B93 /* Resources */,
			);
			buildRules = (
			);
			dependencies = (
				8198C3AC2C10027C00492B93 /* PBXTargetDependency */,
			);
			name = "Movies AppTests";
			productName = "Movies AppTests";
			productReference = 8198C3AA2C10027C00492B93 /* Movies AppTests.xctest */;
			productType = "com.apple.product-type.bundle.unit-test";
		};
		8198C3B32C10027C00492B93 /* Movies AppUITests */ = {
			isa = PBXNativeTarget;
			buildConfigurationList = 8198C3C42C10027C00492B93 /* Build configuration list for PBXNativeTarget "Movies AppUITests" */;
			buildPhases = (
				8198C3B02C10027C00492B93 /* Sources */,
				8198C3B12C10027C00492B93 /* Frameworks */,
				8198C3B22C10027C00492B93 /* Resources */,
			);
			buildRules = (
			);
			dependencies = (
				8198C3B62C10027C00492B93 /* PBXTargetDependency */,
			);
			name = "Movies AppUITests";
			productName = "Movies AppUITests";
			productReference = 8198C3B42C10027C00492B93 /* Movies AppUITests.xctest */;
			productType = "com.apple.product-type.bundle.ui-testing";
		};
/* End PBXNativeTarget section */

/* Begin PBXProject section */
		8198C38C2C10027B00492B93 /* Project object */ = {
			isa = PBXProject;
			attributes = {
				BuildIndependentTargetsInParallel = 1;
				LastSwiftUpdateCheck = 1530;
				LastUpgradeCheck = 1530;
				TargetAttributes = {
					8198C3932C10027B00492B93 = {
						CreatedOnToolsVersion = 15.3;
					};
					8198C3A92C10027C00492B93 = {
						CreatedOnToolsVersion = 15.3;
						TestTargetID = 8198C3932C10027B00492B93;
					};
					8198C3B32C10027C00492B93 = {
						CreatedOnToolsVersion = 15.3;
						TestTargetID = 8198C3932C10027B00492B93;
					};
				};
			};
			buildConfigurationList = 8198C38F2C10027B00492B93 /* Build configuration list for PBXProject "Movies App" */;
			compatibilityVersion = "Xcode 14.0";
			developmentRegion = en;
			hasScannedForEncodings = 0;
			knownRegions = (
				en,
				Base,
			);
			mainGroup = 8198C38B2C10027B00492B93;
			productRefGroup = 8198C3952C10027B00492B93 /* Products */;
			projectDirPath = "";
			projectRoot = "";
			targets = (
				8198C3932C10027B00492B93 /* Movies App */,
				8198C3A92C10027C00492B93 /* Movies AppTests */,
				8198C3B32C10027C00492B93 /* Movies AppUITests */,
			);
		};
/* End PBXProject section */

/* Begin PBXResourcesBuildPhase section */
		8198C3922C10027B00492B93 /* Resources */ = {
			isa = PBXResourcesBuildPhase;
			buildActionMask = 2147483647;
			files = (
				8198C3A12C10027C00492B93 /* Assets.xcassets in Resources */,
				8198C3A42C10027C00492B93 /* Base in Resources */,
				8198C39F2C10027B00492B93 /* Base in Resources */,
			);
			runOnlyForDeploymentPostprocessing = 0;
		};
		8198C3A82C10027C00492B93 /* Resources */ = {
			isa = PBXResourcesBuildPhase;
			buildActionMask = 2147483647;
			files = (
			);
			runOnlyForDeploymentPostprocessing = 0;
		};
		8198C3B22C10027C00492B93 /* Resources */ = {
			isa = PBXResourcesBuildPhase;
			buildActionMask = 2147483647;
			files = (
			);
			runOnlyForDeploymentPostprocessing = 0;
		};
/* End PBXResourcesBuildPhase section */

/* Begin PBXSourcesBuildPhase section */
		8198C3902C10027B00492B93 /* Sources */ = {
			isa = PBXSourcesBuildPhase;
			buildActionMask = 2147483647;
			files = (
				81E44C862C1D3EF300E7EC22 /* UITextField+UIView.swift in Sources */,
				8198C3CF2C1003F700492B93 /* String+Extension.swift in Sources */,
				8198C3D12C10047300492B93 /* MoviesViewController.swift in Sources */,
				81E058B12C1CB15D00B97D76 /* ScannerController.swift in Sources */,
				81E058AF2C1CB0FB00B97D76 /* MainTabController.swift in Sources */,
				81C0B6E62C11E07500EC0035 /* HTTPClient.swift in Sources */,
				8165B9982C1492D500B5427B /* MovieListViewModel.swift in Sources */,
				8198C3982C10027B00492B93 /* AppDelegate.swift in Sources */,
				8198C39A2C10027B00492B93 /* SceneDelegate.swift in Sources */,
				81E44C832C1D368A00E7EC22 /* UIView+Extension.swift in Sources */,
				8198C3D62C10256F00492B93 /* Movie.swift in Sources */,
			);
			runOnlyForDeploymentPostprocessing = 0;
		};
		8198C3A62C10027C00492B93 /* Sources */ = {
			isa = PBXSourcesBuildPhase;
			buildActionMask = 2147483647;
			files = (
			);
			runOnlyForDeploymentPostprocessing = 0;
		};
		8198C3B02C10027C00492B93 /* Sources */ = {
			isa = PBXSourcesBuildPhase;
			buildActionMask = 2147483647;
			files = (
			);
			runOnlyForDeploymentPostprocessing = 0;
		};
/* End PBXSourcesBuildPhase section */

/* Begin PBXTargetDependency section */
		8198C3AC2C10027C00492B93 /* PBXTargetDependency */ = {
			isa = PBXTargetDependency;
			target = 8198C3932C10027B00492B93 /* Movies App */;
			targetProxy = 8198C3AB2C10027C00492B93 /* PBXContainerItemProxy */;
		};
		8198C3B62C10027C00492B93 /* PBXTargetDependency */ = {
			isa = PBXTargetDependency;
			target = 8198C3932C10027B00492B93 /* Movies App */;
			targetProxy = 8198C3B52C10027C00492B93 /* PBXContainerItemProxy */;
		};
/* End PBXTargetDependency section */

/* Begin PBXVariantGroup section */
		8198C39D2C10027B00492B93 /* Main.storyboard */ = {
			isa = PBXVariantGroup;
			children = (
				8198C39E2C10027B00492B93 /* Base */,
			);
			name = Main.storyboard;
			sourceTree = "<group>";
		};
		8198C3A22C10027C00492B93 /* LaunchScreen.storyboard */ = {
			isa = PBXVariantGroup;
			children = (
				8198C3A32C10027C00492B93 /* Base */,
			);
			name = LaunchScreen.storyboard;
			sourceTree = "<group>";
		};
/* End PBXVariantGroup section */

/* Begin XCBuildConfiguration section */
		8198C3BC2C10027C00492B93 /* Debug */ = {
			isa = XCBuildConfiguration;
			buildSettings = {
				ALWAYS_SEARCH_USER_PATHS = NO;
				ASSETCATALOG_COMPILER_GENERATE_SWIFT_ASSET_SYMBOL_EXTENSIONS = YES;
				CLANG_ANALYZER_NONNULL = YES;
				CLANG_ANALYZER_NUMBER_OBJECT_CONVERSION = YES_AGGRESSIVE;
				CLANG_CXX_LANGUAGE_STANDARD = "gnu++20";
				CLANG_ENABLE_MODULES = YES;
				CLANG_ENABLE_OBJC_ARC = YES;
				CLANG_ENABLE_OBJC_WEAK = YES;
				CLANG_WARN_BLOCK_CAPTURE_AUTORELEASING = YES;
				CLANG_WARN_BOOL_CONVERSION = YES;
				CLANG_WARN_COMMA = YES;
				CLANG_WARN_CONSTANT_CONVERSION = YES;
				CLANG_WARN_DEPRECATED_OBJC_IMPLEMENTATIONS = YES;
				CLANG_WARN_DIRECT_OBJC_ISA_USAGE = YES_ERROR;
				CLANG_WARN_DOCUMENTATION_COMMENTS = YES;
				CLANG_WARN_EMPTY_BODY = YES;
				CLANG_WARN_ENUM_CONVERSION = YES;
				CLANG_WARN_INFINITE_RECURSION = YES;
				CLANG_WARN_INT_CONVERSION = YES;
				CLANG_WARN_NON_LITERAL_NULL_CONVERSION = YES;
				CLANG_WARN_OBJC_IMPLICIT_RETAIN_SELF = YES;
				CLANG_WARN_OBJC_LITERAL_CONVERSION = YES;
				CLANG_WARN_OBJC_ROOT_CLASS = YES_ERROR;
				CLANG_WARN_QUOTED_INCLUDE_IN_FRAMEWORK_HEADER = YES;
				CLANG_WARN_RANGE_LOOP_ANALYSIS = YES;
				CLANG_WARN_STRICT_PROTOTYPES = YES;
				CLANG_WARN_SUSPICIOUS_MOVE = YES;
				CLANG_WARN_UNGUARDED_AVAILABILITY = YES_AGGRESSIVE;
				CLANG_WARN_UNREACHABLE_CODE = YES;
				CLANG_WARN__DUPLICATE_METHOD_MATCH = YES;
				COPY_PHASE_STRIP = NO;
				DEBUG_INFORMATION_FORMAT = dwarf;
				ENABLE_STRICT_OBJC_MSGSEND = YES;
				ENABLE_TESTABILITY = YES;
				ENABLE_USER_SCRIPT_SANDBOXING = YES;
				GCC_C_LANGUAGE_STANDARD = gnu17;
				GCC_DYNAMIC_NO_PIC = NO;
				GCC_NO_COMMON_BLOCKS = YES;
				GCC_OPTIMIZATION_LEVEL = 0;
				GCC_PREPROCESSOR_DEFINITIONS = (
					"DEBUG=1",
					"$(inherited)",
				);
				GCC_WARN_64_TO_32_BIT_CONVERSION = YES;
				GCC_WARN_ABOUT_RETURN_TYPE = YES_ERROR;
				GCC_WARN_UNDECLARED_SELECTOR = YES;
				GCC_WARN_UNINITIALIZED_AUTOS = YES_AGGRESSIVE;
				GCC_WARN_UNUSED_FUNCTION = YES;
				GCC_WARN_UNUSED_VARIABLE = YES;
				IPHONEOS_DEPLOYMENT_TARGET = 17.4;
				LOCALIZATION_PREFERS_STRING_CATALOGS = YES;
				MTL_ENABLE_DEBUG_INFO = INCLUDE_SOURCE;
				MTL_FAST_MATH = YES;
				ONLY_ACTIVE_ARCH = YES;
				SDKROOT = iphoneos;
				SWIFT_ACTIVE_COMPILATION_CONDITIONS = "DEBUG $(inherited)";
				SWIFT_OPTIMIZATION_LEVEL = "-Onone";
			};
			name = Debug;
		};
		8198C3BD2C10027C00492B93 /* Release */ = {
			isa = XCBuildConfiguration;
			buildSettings = {
				ALWAYS_SEARCH_USER_PATHS = NO;
				ASSETCATALOG_COMPILER_GENERATE_SWIFT_ASSET_SYMBOL_EXTENSIONS = YES;
				CLANG_ANALYZER_NONNULL = YES;
				CLANG_ANALYZER_NUMBER_OBJECT_CONVERSION = YES_AGGRESSIVE;
				CLANG_CXX_LANGUAGE_STANDARD = "gnu++20";
				CLANG_ENABLE_MODULES = YES;
				CLANG_ENABLE_OBJC_ARC = YES;
				CLANG_ENABLE_OBJC_WEAK = YES;
				CLANG_WARN_BLOCK_CAPTURE_AUTORELEASING = YES;
				CLANG_WARN_BOOL_CONVERSION = YES;
				CLANG_WARN_COMMA = YES;
				CLANG_WARN_CONSTANT_CONVERSION = YES;
				CLANG_WARN_DEPRECATED_OBJC_IMPLEMENTATIONS = YES;
				CLANG_WARN_DIRECT_OBJC_ISA_USAGE = YES_ERROR;
				CLANG_WARN_DOCUMENTATION_COMMENTS = YES;
				CLANG_WARN_EMPTY_BODY = YES;
				CLANG_WARN_ENUM_CONVERSION = YES;
				CLANG_WARN_INFINITE_RECURSION = YES;
				CLANG_WARN_INT_CONVERSION = YES;
				CLANG_WARN_NON_LITERAL_NULL_CONVERSION = YES;
				CLANG_WARN_OBJC_IMPLICIT_RETAIN_SELF = YES;
				CLANG_WARN_OBJC_LITERAL_CONVERSION = YES;
				CLANG_WARN_OBJC_ROOT_CLASS = YES_ERROR;
				CLANG_WARN_QUOTED_INCLUDE_IN_FRAMEWORK_HEADER = YES;
				CLANG_WARN_RANGE_LOOP_ANALYSIS = YES;
				CLANG_WARN_STRICT_PROTOTYPES = YES;
				CLANG_WARN_SUSPICIOUS_MOVE = YES;
				CLANG_WARN_UNGUARDED_AVAILABILITY = YES_AGGRESSIVE;
				CLANG_WARN_UNREACHABLE_CODE = YES;
				CLANG_WARN__DUPLICATE_METHOD_MATCH = YES;
				COPY_PHASE_STRIP = NO;
				DEBUG_INFORMATION_FORMAT = "dwarf-with-dsym";
				ENABLE_NS_ASSERTIONS = NO;
				ENABLE_STRICT_OBJC_MSGSEND = YES;
				ENABLE_USER_SCRIPT_SANDBOXING = YES;
				GCC_C_LANGUAGE_STANDARD = gnu17;
				GCC_NO_COMMON_BLOCKS = YES;
				GCC_WARN_64_TO_32_BIT_CONVERSION = YES;
				GCC_WARN_ABOUT_RETURN_TYPE = YES_ERROR;
				GCC_WARN_UNDECLARED_SELECTOR = YES;
				GCC_WARN_UNINITIALIZED_AUTOS = YES_AGGRESSIVE;
				GCC_WARN_UNUSED_FUNCTION = YES;
				GCC_WARN_UNUSED_VARIABLE = YES;
				IPHONEOS_DEPLOYMENT_TARGET = 17.4;
				LOCALIZATION_PREFERS_STRING_CATALOGS = YES;
				MTL_ENABLE_DEBUG_INFO = NO;
				MTL_FAST_MATH = YES;
				SDKROOT = iphoneos;
				SWIFT_COMPILATION_MODE = wholemodule;
				VALIDATE_PRODUCT = YES;
			};
			name = Release;
		};
		8198C3BF2C10027C00492B93 /* Debug */ = {
			isa = XCBuildConfiguration;
			buildSettings = {
				ASSETCATALOG_COMPILER_APPICON_NAME = AppIcon;
				ASSETCATALOG_COMPILER_GLOBAL_ACCENT_COLOR_NAME = AccentColor;
				CODE_SIGN_STYLE = Automatic;
				CURRENT_PROJECT_VERSION = 1;
				GENERATE_INFOPLIST_FILE = YES;
				INFOPLIST_FILE = "Movies App/Supporting Files/Info.plist";
				INFOPLIST_KEY_UIApplicationSupportsIndirectInputEvents = YES;
				INFOPLIST_KEY_UILaunchStoryboardName = LaunchScreen;
				INFOPLIST_KEY_UIMainStoryboardFile = Main;
				INFOPLIST_KEY_UISupportedInterfaceOrientations_iPad = "UIInterfaceOrientationPortrait UIInterfaceOrientationPortraitUpsideDown UIInterfaceOrientationLandscapeLeft UIInterfaceOrientationLandscapeRight";
				INFOPLIST_KEY_UISupportedInterfaceOrientations_iPhone = "UIInterfaceOrientationPortrait UIInterfaceOrientationLandscapeLeft UIInterfaceOrientationLandscapeRight";
				LD_RUNPATH_SEARCH_PATHS = (
					"$(inherited)",
					"@executable_path/Frameworks",
				);
				MARKETING_VERSION = 1.0;
				PRODUCT_BUNDLE_IDENTIFIER = "Sahil.Amrut.Agashe.com.Movies-App";
				PRODUCT_NAME = "$(TARGET_NAME)";
				SWIFT_EMIT_LOC_STRINGS = YES;
				SWIFT_VERSION = 5.0;
				TARGETED_DEVICE_FAMILY = "1,2";
			};
			name = Debug;
		};
		8198C3C02C10027C00492B93 /* Release */ = {
			isa = XCBuildConfiguration;
			buildSettings = {
				ASSETCATALOG_COMPILER_APPICON_NAME = AppIcon;
				ASSETCATALOG_COMPILER_GLOBAL_ACCENT_COLOR_NAME = AccentColor;
				CODE_SIGN_STYLE = Automatic;
				CURRENT_PROJECT_VERSION = 1;
				GENERATE_INFOPLIST_FILE = YES;
				INFOPLIST_FILE = "Movies App/Supporting Files/Info.plist";
				INFOPLIST_KEY_UIApplicationSupportsIndirectInputEvents = YES;
				INFOPLIST_KEY_UILaunchStoryboardName = LaunchScreen;
				INFOPLIST_KEY_UIMainStoryboardFile = Main;
				INFOPLIST_KEY_UISupportedInterfaceOrientations_iPad = "UIInterfaceOrientationPortrait UIInterfaceOrientationPortraitUpsideDown UIInterfaceOrientationLandscapeLeft UIInterfaceOrientationLandscapeRight";
				INFOPLIST_KEY_UISupportedInterfaceOrientations_iPhone = "UIInterfaceOrientationPortrait UIInterfaceOrientationLandscapeLeft UIInterfaceOrientationLandscapeRight";
				LD_RUNPATH_SEARCH_PATHS = (
					"$(inherited)",
					"@executable_path/Frameworks",
				);
				MARKETING_VERSION = 1.0;
				PRODUCT_BUNDLE_IDENTIFIER = "Sahil.Amrut.Agashe.com.Movies-App";
				PRODUCT_NAME = "$(TARGET_NAME)";
				SWIFT_EMIT_LOC_STRINGS = YES;
				SWIFT_VERSION = 5.0;
				TARGETED_DEVICE_FAMILY = "1,2";
			};
			name = Release;
		};
		8198C3C22C10027C00492B93 /* Debug */ = {
			isa = XCBuildConfiguration;
			buildSettings = {
				ALWAYS_EMBED_SWIFT_STANDARD_LIBRARIES = YES;
				BUNDLE_LOADER = "$(TEST_HOST)";
				CODE_SIGN_STYLE = Automatic;
				CURRENT_PROJECT_VERSION = 1;
				GENERATE_INFOPLIST_FILE = YES;
				IPHONEOS_DEPLOYMENT_TARGET = 17.4;
				MARKETING_VERSION = 1.0;
				PRODUCT_BUNDLE_IDENTIFIER = "Sahil.Amrut.Agashe.com.Movies-AppTests";
				PRODUCT_NAME = "$(TARGET_NAME)";
				SWIFT_EMIT_LOC_STRINGS = NO;
				SWIFT_VERSION = 5.0;
				TARGETED_DEVICE_FAMILY = "1,2";
				TEST_HOST = "$(BUILT_PRODUCTS_DIR)/Movies App.app/$(BUNDLE_EXECUTABLE_FOLDER_PATH)/Movies App";
			};
			name = Debug;
		};
		8198C3C32C10027C00492B93 /* Release */ = {
			isa = XCBuildConfiguration;
			buildSettings = {
				ALWAYS_EMBED_SWIFT_STANDARD_LIBRARIES = YES;
				BUNDLE_LOADER = "$(TEST_HOST)";
				CODE_SIGN_STYLE = Automatic;
				CURRENT_PROJECT_VERSION = 1;
				GENERATE_INFOPLIST_FILE = YES;
				IPHONEOS_DEPLOYMENT_TARGET = 17.4;
				MARKETING_VERSION = 1.0;
				PRODUCT_BUNDLE_IDENTIFIER = "Sahil.Amrut.Agashe.com.Movies-AppTests";
				PRODUCT_NAME = "$(TARGET_NAME)";
				SWIFT_EMIT_LOC_STRINGS = NO;
				SWIFT_VERSION = 5.0;
				TARGETED_DEVICE_FAMILY = "1,2";
				TEST_HOST = "$(BUILT_PRODUCTS_DIR)/Movies App.app/$(BUNDLE_EXECUTABLE_FOLDER_PATH)/Movies App";
			};
			name = Release;
		};
		8198C3C52C10027C00492B93 /* Debug */ = {
			isa = XCBuildConfiguration;
			buildSettings = {
				ALWAYS_EMBED_SWIFT_STANDARD_LIBRARIES = YES;
				CODE_SIGN_STYLE = Automatic;
				CURRENT_PROJECT_VERSION = 1;
				GENERATE_INFOPLIST_FILE = YES;
				MARKETING_VERSION = 1.0;
				PRODUCT_BUNDLE_IDENTIFIER = "Sahil.Amrut.Agashe.com.Movies-AppUITests";
				PRODUCT_NAME = "$(TARGET_NAME)";
				SWIFT_EMIT_LOC_STRINGS = NO;
				SWIFT_VERSION = 5.0;
				TARGETED_DEVICE_FAMILY = "1,2";
				TEST_TARGET_NAME = "Movies App";
			};
			name = Debug;
		};
		8198C3C62C10027C00492B93 /* Release */ = {
			isa = XCBuildConfiguration;
			buildSettings = {
				ALWAYS_EMBED_SWIFT_STANDARD_LIBRARIES = YES;
				CODE_SIGN_STYLE = Automatic;
				CURRENT_PROJECT_VERSION = 1;
				GENERATE_INFOPLIST_FILE = YES;
				MARKETING_VERSION = 1.0;
				PRODUCT_BUNDLE_IDENTIFIER = "Sahil.Amrut.Agashe.com.Movies-AppUITests";
				PRODUCT_NAME = "$(TARGET_NAME)";
				SWIFT_EMIT_LOC_STRINGS = NO;
				SWIFT_VERSION = 5.0;
				TARGETED_DEVICE_FAMILY = "1,2";
				TEST_TARGET_NAME = "Movies App";
			};
			name = Release;
		};
/* End XCBuildConfiguration section */

/* Begin XCConfigurationList section */
		8198C38F2C10027B00492B93 /* Build configuration list for PBXProject "Movies App" */ = {
			isa = XCConfigurationList;
			buildConfigurations = (
				8198C3BC2C10027C00492B93 /* Debug */,
				8198C3BD2C10027C00492B93 /* Release */,
			);
			defaultConfigurationIsVisible = 0;
			defaultConfigurationName = Release;
		};
		8198C3BE2C10027C00492B93 /* Build configuration list for PBXNativeTarget "Movies App" */ = {
			isa = XCConfigurationList;
			buildConfigurations = (
				8198C3BF2C10027C00492B93 /* Debug */,
				8198C3C02C10027C00492B93 /* Release */,
			);
			defaultConfigurationIsVisible = 0;
			defaultConfigurationName = Release;
		};
		8198C3C12C10027C00492B93 /* Build configuration list for PBXNativeTarget "Movies AppTests" */ = {
			isa = XCConfigurationList;
			buildConfigurations = (
				8198C3C22C10027C00492B93 /* Debug */,
				8198C3C32C10027C00492B93 /* Release */,
			);
			defaultConfigurationIsVisible = 0;
			defaultConfigurationName = Release;
		};
		8198C3C42C10027C00492B93 /* Build configuration list for PBXNativeTarget "Movies AppUITests" */ = {
			isa = XCConfigurationList;
			buildConfigurations = (
				8198C3C52C10027C00492B93 /* Debug */,
				8198C3C62C10027C00492B93 /* Release */,
			);
			defaultConfigurationIsVisible = 0;
			defaultConfigurationName = Release;
		};
/* End XCConfigurationList section */
	};
	rootObject = 8198C38C2C10027B00492B93 /* Project object */;
}
